
Microsoft Visual Studio Solution File, Format Version 12.00
# Visual Studio Version 17
VisualStudioVersion = 17.13.35828.75 d17.13
MinimumVisualStudioVersion = 10.0.40219.1
Project("{FAE04EC0-301F-11D3-BF4B-00C04F79EFBC}") = "StoredProcedure", "StoredProcedure\StoredProcedure.csproj", "{9EB8138F-E214-444A-B375-5281AA298090}"
EndProject
Global
	GlobalSection(SolutionConfigurationPlatforms) = preSolution
		Debug|Any CPU = Debug|Any CPU
		Release|Any CPU = Release|Any CPU
	EndGlobalSection
	GlobalSection(ProjectConfigurationPlatforms) = postSolution
		{9EB8138F-E214-444A-B375-5281AA298090}.Debug|Any CPU.ActiveCfg = Debug|Any CPU
		{9EB8138F-E214-444A-B375-5281AA298090}.Debug|Any CPU.Build.0 = Debug|Any CPU
		{9EB8138F-E214-444A-B375-5281AA298090}.Release|Any CPU.ActiveCfg = Release|Any CPU
		{9EB8138F-E214-444A-B375-5281AA298090}.Release|Any CPU.Build.0 = Release|Any CPU
	EndGlobalSection
	GlobalSection(SolutionProperties) = preSolution
		HideSolutionNode = FALSE
	EndGlobalSection
	GlobalSection(ExtensibilityGlobals) = postSolution
		SolutionGuid = {2D198369-50B4-487D-A7F2-D6B065568C0C}
	EndGlobalSection
EndGlobal
